
Microsoft Visual Studio Solution File, Format Version 12.00
# Visual Studio 2015
Project("{FAE04EC0-301F-11D3-BF4B-00C04F79EFBC}") = "Stay_Warm_1.Plugins", "Stay_Warm_1.Plugins.csproj", "{7DA1F451-E01A-0ED0-64D8-E6EFB1911D48}"
EndProject
Project("{FAE04EC0-301F-11D3-BF4B-00C04F79EFBC}") = "Stay_Warm_1", "Stay_Warm_1.csproj", "{87B052A3-E949-F34B-D284-64005A7CC049}"
EndProject
Project("{FAE04EC0-301F-11D3-BF4B-00C04F79EFBC}") = "Stay_Warm_1.Editor.Plugins", "Stay_Warm_1.Editor.Plugins.csproj", "{F2DEEDDE-2C7F-3851-C6F5-78D15D8FA728}"
EndProject
Global
	GlobalSection(SolutionConfigurationPlatforms) = preSolution
		Debug|Any CPU = Debug|Any CPU
		Release|Any CPU = Release|Any CPU
	EndGlobalSection
	GlobalSection(ProjectConfigurationPlatforms) = postSolution
		{7DA1F451-E01A-0ED0-64D8-E6EFB1911D48}.Debug|Any CPU.ActiveCfg = Debug|Any CPU
		{7DA1F451-E01A-0ED0-64D8-E6EFB1911D48}.Debug|Any CPU.Build.0 = Debug|Any CPU
		{7DA1F451-E01A-0ED0-64D8-E6EFB1911D48}.Release|Any CPU.ActiveCfg = Release|Any CPU
		{7DA1F451-E01A-0ED0-64D8-E6EFB1911D48}.Release|Any CPU.Build.0 = Release|Any CPU
		{87B052A3-E949-F34B-D284-64005A7CC049}.Debug|Any CPU.ActiveCfg = Debug|Any CPU
		{87B052A3-E949-F34B-D284-64005A7CC049}.Debug|Any CPU.Build.0 = Debug|Any CPU
		{87B052A3-E949-F34B-D284-64005A7CC049}.Release|Any CPU.ActiveCfg = Release|Any CPU
		{87B052A3-E949-F34B-D284-64005A7CC049}.Release|Any CPU.Build.0 = Release|Any CPU
		{F2DEEDDE-2C7F-3851-C6F5-78D15D8FA728}.Debug|Any CPU.ActiveCfg = Debug|Any CPU
		{F2DEEDDE-2C7F-3851-C6F5-78D15D8FA728}.Debug|Any CPU.Build.0 = Debug|Any CPU
		{F2DEEDDE-2C7F-3851-C6F5-78D15D8FA728}.Release|Any CPU.ActiveCfg = Release|Any CPU
		{F2DEEDDE-2C7F-3851-C6F5-78D15D8FA728}.Release|Any CPU.Build.0 = Release|Any CPU
	EndGlobalSection
	GlobalSection(SolutionProperties) = preSolution
		HideSolutionNode = FALSE
	EndGlobalSection
EndGlobal
